
Microsoft Visual Studio Solution File, Format Version 12.00
# Visual Studio Version 17
VisualStudioVersion = 17.8.34525.116
MinimumVisualStudioVersion = 10.0.40219.1
Project("{FAE04EC0-301F-11D3-BF4B-00C04F79EFBC}") = "rlf", "rlf.csproj", "{BF97323A-F2FC-4394-9BCE-06FE8A3D3A6D}"
EndProject
Global
	GlobalSection(SolutionConfigurationPlatforms) = preSolution
		Debug|Any CPU = Debug|Any CPU
		Release|Any CPU = Release|Any CPU
	EndGlobalSection
	GlobalSection(ProjectConfigurationPlatforms) = postSolution
		{BF97323A-F2FC-4394-9BCE-06FE8A3D3A6D}.Debug|Any CPU.ActiveCfg = Debug|Any CPU
		{BF97323A-F2FC-4394-9BCE-06FE8A3D3A6D}.Debug|Any CPU.Build.0 = Debug|Any CPU
		{BF97323A-F2FC-4394-9BCE-06FE8A3D3A6D}.Release|Any CPU.ActiveCfg = Release|Any CPU
		{BF97323A-F2FC-4394-9BCE-06FE8A3D3A6D}.Release|Any CPU.Build.0 = Release|Any CPU
	EndGlobalSection
	GlobalSection(SolutionProperties) = preSolution
		HideSolutionNode = FALSE
	EndGlobalSection
	GlobalSection(ExtensibilityGlobals) = postSolution
		SolutionGuid = {D9E4450F-88A0-46A6-87D1-CA360AAC0F35}
	EndGlobalSection
EndGlobal
